
Microsoft Visual Studio Solution File, Format Version 12.00
# Visual Studio Version 16
VisualStudioVersion = 16.0.31729.503
MinimumVisualStudioVersion = 10.0.40219.1
Project("{E24C65DC-7377-472B-9ABA-BC803B73C61A}") = "Yemek_Tarifleri_Sitem", "Yemek_Tarifleri_Sitem\", "{A052DF18-5859-4C73-B933-F76DF0BC1DE6}"
	ProjectSection(WebsiteProperties) = preProject
		TargetFrameworkMoniker = ".NETFramework,Version%3Dv4.7.2"
		Debug.AspNetCompiler.VirtualPath = "/localhost_61923"
		Debug.AspNetCompiler.PhysicalPath = "Yemek_Tarifleri_Sitem\"
		Debug.AspNetCompiler.TargetPath = "PrecompiledWeb\localhost_61923\"
		Debug.AspNetCompiler.Updateable = "true"
		Debug.AspNetCompiler.ForceOverwrite = "true"
		Debug.AspNetCompiler.FixedNames = "false"
		Debug.AspNetCompiler.Debug = "True"
		Release.AspNetCompiler.VirtualPath = "/localhost_61923"
		Release.AspNetCompiler.PhysicalPath = "Yemek_Tarifleri_Sitem\"
		Release.AspNetCompiler.TargetPath = "PrecompiledWeb\localhost_61923\"
		Release.AspNetCompiler.Updateable = "true"
		Release.AspNetCompiler.ForceOverwrite = "true"
		Release.AspNetCompiler.FixedNames = "false"
		Release.AspNetCompiler.Debug = "False"
		VWDPort = "61923"
		SlnRelativePath = "Yemek_Tarifleri_Sitem\"
		DefaultWebSiteLanguage = "Visual C#"
	EndProjectSection
EndProject
Global
	GlobalSection(SolutionConfigurationPlatforms) = preSolution
		Debug|Any CPU = Debug|Any CPU
	EndGlobalSection
	GlobalSection(ProjectConfigurationPlatforms) = postSolution
		{A052DF18-5859-4C73-B933-F76DF0BC1DE6}.Debug|Any CPU.ActiveCfg = Debug|Any CPU
		{A052DF18-5859-4C73-B933-F76DF0BC1DE6}.Debug|Any CPU.Build.0 = Debug|Any CPU
	EndGlobalSection
	GlobalSection(SolutionProperties) = preSolution
		HideSolutionNode = FALSE
	EndGlobalSection
	GlobalSection(ExtensibilityGlobals) = postSolution
		SolutionGuid = {7CAC7A32-5144-4280-A81C-FA572E177BFB}
	EndGlobalSection
EndGlobal
